
Microsoft Visual Studio Solution File, Format Version 12.00
# Visual Studio Version 17
VisualStudioVersion = 17.14.36212.18 d17.14
MinimumVisualStudioVersion = 10.0.40219.1
Project("{FAE04EC0-301F-11D3-BF4B-00C04F79EFBC}") = "random", "random\random.csproj", "{173F7A0B-09AC-41B6-89CA-667E289ADFB4}"
EndProject
Global
	GlobalSection(SolutionConfigurationPlatforms) = preSolution
		Debug|Any CPU = Debug|Any CPU
		Release|Any CPU = Release|Any CPU
	EndGlobalSection
	GlobalSection(ProjectConfigurationPlatforms) = postSolution
		{173F7A0B-09AC-41B6-89CA-667E289ADFB4}.Debug|Any CPU.ActiveCfg = Debug|Any CPU
		{173F7A0B-09AC-41B6-89CA-667E289ADFB4}.Debug|Any CPU.Build.0 = Debug|Any CPU
		{173F7A0B-09AC-41B6-89CA-667E289ADFB4}.Release|Any CPU.ActiveCfg = Release|Any CPU
		{173F7A0B-09AC-41B6-89CA-667E289ADFB4}.Release|Any CPU.Build.0 = Release|Any CPU
	EndGlobalSection
	GlobalSection(SolutionProperties) = preSolution
		HideSolutionNode = FALSE
	EndGlobalSection
	GlobalSection(ExtensibilityGlobals) = postSolution
		SolutionGuid = {8A9F767B-66E7-4146-B89F-4DD1B237AF0B}
	EndGlobalSection
EndGlobal
